# This file is automatically @generated by Cargo.
# It is not intended for manual editing.
version = 4

[[package]]
name = "args"
version = "0.1.0"
dependencies = [
 "rustos-user",
]

[[package]]
name = "bad-jump"
version = "0.1.0"
dependencies = [
 "rustos-user",
]

[[package]]
name = "bad-jump2"
version = "0.1.0"
dependencies = [
 "rustos-user",
]

[[package]]
name = "bad-read"
version = "0.1.0"
dependencies = [
 "rustos-user",
]

[[package]]
name = "bad-read2"
version = "0.1.0"
dependencies = [
 "rustos-user",
]

[[package]]
name = "bad-write"
version = "0.1.0"
dependencies = [
 "rustos-user",
]

[[package]]
name = "bad-write2"
version = "0.1.0"
dependencies = [
 "rustos-user",
]

[[package]]
name = "boundary"
version = "0.1.0"
dependencies = [
 "rustos-user",
]

[[package]]
name = "child-bad"
version = "0.1.0"
dependencies = [
 "rustos-user",
]

[[package]]
name = "child-close"
version = "0.1.0"
dependencies = [
 "rustos-user",
]

[[package]]
name = "child-inherit"
version = "0.1.0"
dependencies = [
 "rustos-user",
]

[[package]]
name = "child-linear"
version = "0.1.0"
dependencies = [
 "rustos-user",
]

[[package]]
name = "child-qsort"
version = "0.1.0"
dependencies = [
 "rustos-user",
]

[[package]]
name = "child-rox"
version = "0.1.0"
dependencies = [
 "rustos-user",
]

[[package]]
name = "child-simple"
version = "0.1.0"
dependencies = [
 "rustos-user",
]

[[package]]
name = "child-sort"
version = "0.1.0"
dependencies = [
 "rustos-user",
]

[[package]]
name = "child-syn-read"
version = "0.1.0"
dependencies = [
 "rustos-user",
]

[[package]]
name = "child-syn-wrt"
version = "0.1.0"
dependencies = [
 "rustos-user",
]

[[package]]
name = "close-bad-fd"
version = "0.1.0"
dependencies = [
 "rustos-user",
]

[[package]]
name = "close-normal"
version = "0.1.0"
dependencies = [
 "rustos-user",
]

[[package]]
name = "close-stdin"
version = "0.1.0"
dependencies = [
 "rustos-user",
]

[[package]]
name = "close-stdout"
version = "0.1.0"
dependencies = [
 "rustos-user",
]

[[package]]
name = "close-twice"
version = "0.1.0"
dependencies = [
 "rustos-user",
]

[[package]]
name = "create-bad-ptr"
version = "0.1.0"
dependencies = [
 "rustos-user",
]

[[package]]
name = "create-bound"
version = "0.1.0"
dependencies = [
 "rustos-user",
]

[[package]]
name = "create-empty"
version = "0.1.0"
dependencies = [
 "rustos-user",
]

[[package]]
name = "create-exists"
version = "0.1.0"
dependencies = [
 "rustos-user",
]

[[package]]
name = "create-long"
version = "0.1.0"
dependencies = [
 "rustos-user",
]

[[package]]
name = "create-normal"
version = "0.1.0"
dependencies = [
 "rustos-user",
]

[[package]]
name = "create-null"
version = "0.1.0"
dependencies = [
 "rustos-user",
]

[[package]]
name = "create-write-read"
version = "0.1.0"
dependencies = [
 "rustos-user",
]

[[package]]
name = "dir-empty-name"
version = "0.1.0"
dependencies = [
 "rustos-user",
]

[[package]]
name = "dir-mk-tree"
version = "0.1.0"
dependencies = [
 "rustos-user",
]

[[package]]
name = "dir-mkdir"
version = "0.1.0"
dependencies = [
 "rustos-user",
]

[[package]]
name = "dir-open"
version = "0.1.0"
dependencies = [
 "rustos-user",
]

[[package]]
name = "dir-over-file"
version = "0.1.0"
dependencies = [
 "rustos-user",
]

[[package]]
name = "dir-rm-parent"
version = "0.1.0"
dependencies = [
 "rustos-user",
]

[[package]]
name = "dir-rm-root"
version = "0.1.0"
dependencies = [
 "rustos-user",
]

[[package]]
name = "dir-rm-tree"
version = "0.1.0"
dependencies = [
 "rustos-user",
]

[[package]]
name = "dir-rmdir"
version = "0.1.0"
dependencies = [
 "rustos-user",
]

[[package]]
name = "dir-under-file"
version = "0.1.0"
dependencies = [
 "rustos-user",
]

[[package]]
name = "dir-vine"
version = "0.1.0"
dependencies = [
 "rustos-user",
]

[[package]]
name = "exec-arg"
version = "0.1.0"
dependencies = [
 "rustos-user",
]

[[package]]
name = "exec-bad-ptr"
version = "0.1.0"
dependencies = [
 "rustos-user",
]

[[package]]
name = "exec-bound"
version = "0.1.0"
dependencies = [
 "rustos-user",
]

[[package]]
name = "exec-bound-2"
version = "0.1.0"
dependencies = [
 "rustos-user",
]

[[package]]
name = "exec-bound-3"
version = "0.1.0"
dependencies = [
 "rustos-user",
]

[[package]]
name = "exec-missing"
version = "0.1.0"
dependencies = [
 "rustos-user",
]

[[package]]
name = "exec-multiple"
version = "0.1.0"
dependencies = [
 "rustos-user",
]

[[package]]
name = "exec-once"
version = "0.1.0"
dependencies = [
 "rustos-user",
]

[[package]]
name = "exit"
version = "0.1.0"
dependencies = [
 "rustos-user",
]

[[package]]
name = "filesize"
version = "0.1.0"
dependencies = [
 "rustos-user",
]

[[package]]
name = "grow-create"
version = "0.1.0"
dependencies = [
 "rustos-user",
]

[[package]]
name = "grow-file-size"
version = "0.1.0"
dependencies = [
 "rustos-user",
]

[[package]]
name = "grow-root-lg"
version = "0.1.0"
dependencies = [
 "rustos-user",
]

[[package]]
name = "grow-root-sm"
version = "0.1.0"
dependencies = [
 "rustos-user",
]

[[package]]
name = "grow-seq-lg"
version = "0.1.0"
dependencies = [
 "rustos-user",
]

[[package]]
name = "grow-seq-sm"
version = "0.1.0"
dependencies = [
 "rustos-user",
]

[[package]]
name = "grow-sparse"
version = "0.1.0"
dependencies = [
 "rustos-user",
]

[[package]]
name = "grow-tell"
version = "0.1.0"
dependencies = [
 "rustos-user",
]

[[package]]
name = "grow-two-files"
version = "0.1.0"
dependencies = [
 "rustos-user",
]

[[package]]
name = "halt"
version = "0.1.0"
dependencies = [
 "rustos-user",
]

[[package]]
name = "hello"
version = "0.1.0"
dependencies = [
 "rustos-user",
]

[[package]]
name = "lg-create"
version = "0.1.0"
dependencies = [
 "rustos-user",
]

[[package]]
name = "lg-full"
version = "0.1.0"
dependencies = [
 "rustos-user",
]

[[package]]
name = "lg-random"
version = "0.1.0"
dependencies = [
 "rustos-user",
]

[[package]]
name = "lg-seq-block"
version = "0.1.0"
dependencies = [
 "rustos-user",
]

[[package]]
name = "lg-seq-random"
version = "0.1.0"
dependencies = [
 "rustos-user",
]

[[package]]
name = "mmap-bad-fd"
version = "0.1.0"
dependencies = [
 "rustos-user",
]

[[package]]
name = "mmap-clean"
version = "0.1.0"
dependencies = [
 "rustos-user",
]

[[package]]
name = "mmap-close"
version = "0.1.0"
dependencies = [
 "rustos-user",
]

[[package]]
name = "mmap-exit"
version = "0.1.0"
dependencies = [
 "rustos-user",
]

[[package]]
name = "mmap-null"
version = "0.1.0"
dependencies = [
 "rustos-user",
]

[[package]]
name = "mmap-overlap"
version = "0.1.0"
dependencies = [
 "rustos-user",
]

[[package]]
name = "mmap-read"
version = "0.1.0"
dependencies = [
 "rustos-user",
]

[[package]]
name = "mmap-twice"
version = "0.1.0"
dependencies = [
 "rustos-user",
]

[[package]]
name = "mmap-unmap"
version = "0.1.0"
dependencies = [
 "rustos-user",
]

[[package]]
name = "mmap-write"
version = "0.1.0"
dependencies = [
 "rustos-user",
]

[[package]]
name = "multi-child-fd"
version = "0.1.0"
dependencies = [
 "rustos-user",
]

[[package]]
name = "multi-recurse"
version = "0.1.0"
dependencies = [
 "rustos-user",
]

[[package]]
name = "open-bad-ptr"
version = "0.1.0"
dependencies = [
 "rustos-user",
]

[[package]]
name = "open-boundary"
version = "0.1.0"
dependencies = [
 "rustos-user",
]

[[package]]
name = "open-empty"
version = "0.1.0"
dependencies = [
 "rustos-user",
]

[[package]]
name = "open-missing"
version = "0.1.0"
dependencies = [
 "rustos-user",
]

[[package]]
name = "open-normal"
version = "0.1.0"
dependencies = [
 "rustos-user",
]

[[package]]
name = "open-null"
version = "0.1.0"
dependencies = [
 "rustos-user",
]

[[package]]
name = "open-twice"
version = "0.1.0"
dependencies = [
 "rustos-user",
]

[[package]]
name = "page-linear"
version = "0.1.0"
dependencies = [
 "rustos-user",
]

[[package]]
name = "page-merge-par"
version = "0.1.0"
dependencies = [
 "rustos-user",
]

[[package]]
name = "page-merge-seq"
version = "0.1.0"
dependencies = [
 "rustos-user",
]

[[package]]
name = "page-merge-stk"
version = "0.1.0"
dependencies = [
 "rustos-user",
]

[[package]]
name = "page-parallel"
version = "0.1.0"
dependencies = [
 "rustos-user",
]

[[package]]
name = "page-shuffle"
version = "0.1.0"
dependencies = [
 "rustos-user",
]

[[package]]
name = "parallel-merge"
version = "0.1.0"
dependencies = [
 "rustos-user",
]

[[package]]
name = "persist-read"
version = "0.1.0"
dependencies = [
 "rustos-user",
]

[[package]]
name = "persist-write"
version = "0.1.0"
dependencies = [
 "rustos-user",
]

[[package]]
name = "pt-bad-addr"
version = "0.1.0"
dependencies = [
 "rustos-user",
]

[[package]]
name = "pt-bad-read"
version = "0.1.0"
dependencies = [
 "rustos-user",
]

[[package]]
name = "pt-big-stk-obj"
version = "0.1.0"
dependencies = [
 "rustos-user",
]

[[package]]
name = "pt-grow-bad"
version = "0.1.0"
dependencies = [
 "rustos-user",
]

[[package]]
name = "pt-grow-pusha"
version = "0.1.0"
dependencies = [
 "rustos-user",
]

[[package]]
name = "pt-grow-stack"
version = "0.1.0"
dependencies = [
 "rustos-user",
]

[[package]]
name = "pt-grow-stk-sc"
version = "0.1.0"
dependencies = [
 "rustos-user",
]

[[package]]
name = "pt-write-code"
version = "0.1.0"
dependencies = [
 "rustos-user",
]

[[package]]
name = "pt-wrt-code2"
version = "0.1.0"
dependencies = [
 "rustos-user",
]

[[package]]
name = "qsort"
version = "0.1.0"
dependencies = [
 "rustos-user",
]

[[package]]
name = "read-bad-fd"
version = "0.1.0"
dependencies = [
 "rustos-user",
]

[[package]]
name = "read-bad-ptr"
version = "0.1.0"
dependencies = [
 "rustos-user",
]

[[package]]
name = "read-boundary"
version = "0.1.0"
dependencies = [
 "rustos-user",
]

[[package]]
name = "read-normal"
version = "0.1.0"
dependencies = [
 "rustos-user",
]

[[package]]
name = "read-stdout"
version = "0.1.0"
dependencies = [
 "rustos-user",
]

[[package]]
name = "read-write"
version = "0.1.0"
dependencies = [
 "rustos-user",
]

[[package]]
name = "read-zero"
version = "0.1.0"
dependencies = [
 "rustos-user",
]

[[package]]
name = "remove"
version = "0.1.0"
dependencies = [
 "rustos-user",
]

[[package]]
name = "rox-child"
version = "0.1.0"
dependencies = [
 "rustos-user",
]

[[package]]
name = "rox-multichild"
version = "0.1.0"
dependencies = [
 "rustos-user",
]

[[package]]
name = "rox-simple"
version = "0.1.0"
dependencies = [
 "rustos-user",
]

[[package]]
name = "rustos-user"
version = "0.1.0"

[[package]]
name = "sc-bad-arg"
version = "0.1.0"
dependencies = [
 "rustos-user",
]

[[package]]
name = "sc-bad-sp"
version = "0.1.0"
dependencies = [
 "rustos-user",
]

[[package]]
name = "sc-boundary"
version = "0.1.0"
dependencies = [
 "rustos-user",
]

[[package]]
name = "sc-boundary-2"
version = "0.1.0"
dependencies = [
 "rustos-user",
]

[[package]]
name = "sc-boundary-3"
version = "0.1.0"
dependencies = [
 "rustos-user",
]

[[package]]
name = "seek-tell"
version = "0.1.0"
dependencies = [
 "rustos-user",
]

[[package]]
name = "sl-bad-target"
version = "0.1.0"
dependencies = [
 "rustos-user",
]

[[package]]
name = "sl-check"
version = "0.1.0"
dependencies = [
 "rustos-user",
]

[[package]]
name = "sl-read"
version = "0.1.0"
dependencies = [
 "rustos-user",
]

[[package]]
name = "sl-remove"
version = "0.1.0"
dependencies = [
 "rustos-user",
]

[[package]]
name = "sm-create"
version = "0.1.0"
dependencies = [
 "rustos-user",
]

[[package]]
name = "sm-full"
version = "0.1.0"
dependencies = [
 "rustos-user",
]

[[package]]
name = "sm-random"
version = "0.1.0"
dependencies = [
 "rustos-user",
]

[[package]]
name = "sm-seq-block"
version = "0.1.0"
dependencies = [
 "rustos-user",
]

[[package]]
name = "sm-seq-random"
version = "0.1.0"
dependencies = [
 "rustos-user",
]

[[package]]
name = "sparse-file"
version = "0.1.0"
dependencies = [
 "rustos-user",
]

[[package]]
name = "syn-read"
version = "0.1.0"
dependencies = [
 "rustos-user",
]

[[package]]
name = "syn-remove"
version = "0.1.0"
dependencies = [
 "rustos-user",
]

[[package]]
name = "syn-write"
version = "0.1.0"
dependencies = [
 "rustos-user",
]

[[package]]
name = "wait-bad-pid"
version = "0.1.0"
dependencies = [
 "rustos-user",
]

[[package]]
name = "wait-killed"
version = "0.1.0"
dependencies = [
 "rustos-user",
]

[[package]]
name = "wait-simple"
version = "0.1.0"
dependencies = [
 "rustos-user",
]

[[package]]
name = "wait-twice"
version = "0.1.0"
dependencies = [
 "rustos-user",
]

[[package]]
name = "write-bad-fd"
version = "0.1.0"
dependencies = [
 "rustos-user",
]

[[package]]
name = "write-bad-ptr"
version = "0.1.0"
dependencies = [
 "rustos-user",
]

[[package]]
name = "write-boundary"
version = "0.1.0"
dependencies = [
 "rustos-user",
]

[[package]]
name = "write-normal"
version = "0.1.0"
dependencies = [
 "rustos-user",
]

[[package]]
name = "write-stdin"
version = "0.1.0"
dependencies = [
 "rustos-user",
]

[[package]]
name = "write-stdout"
version = "0.1.0"
dependencies = [
 "rustos-user",
]

[[package]]
name = "write-zero"
version = "0.1.0"
dependencies = [
 "rustos-user",
]
